// !$*UTF8*$!
{
	archiveVersion = 1;
	classes = {
	};
	objectVersion = 55;
	objects = {

/* Begin PBXBuildFile section */
		F9189ED928CB26F7008254E9 /* AppDelegate.swift in Sources */ = {isa = PBXBuildFile; fileRef = F9189ED828CB26F7008254E9 /* AppDelegate.swift */; };
		F9189EDB28CB26F7008254E9 /* SceneDelegate.swift in Sources */ = {isa = PBXBuildFile; fileRef = F9189EDA28CB26F7008254E9 /* SceneDelegate.swift */; };
		F9189EDD28CB26F7008254E9 /* ViewController.swift in Sources */ = {isa = PBXBuildFile; fileRef = F9189EDC28CB26F7008254E9 /* ViewController.swift */; };
		F9189EE028CB26F7008254E9 /* Main.storyboard in Resources */ = {isa = PBXBuildFile; fileRef = F9189EDE28CB26F7008254E9 /* Main.storyboard */; };
		F9189EE228CB26FB008254E9 /* Assets.xcassets in Resources */ = {isa = PBXBuildFile; fileRef = F9189EE128CB26FB008254E9 /* Assets.xcassets */; };
		F9189EE528CB26FB008254E9 /* LaunchScreen.storyboard in Resources */ = {isa = PBXBuildFile; fileRef = F9189EE328CB26FB008254E9 /* LaunchScreen.storyboard */; };
		F9189EEF28CB28CF008254E9 /* TableViewCell.swift in Sources */ = {isa = PBXBuildFile; fileRef = F9189EED28CB28CF008254E9 /* TableViewCell.swift */; };
		F9189EF028CB28CF008254E9 /* TableViewCell.xib in Resources */ = {isa = PBXBuildFile; fileRef = F9189EEE28CB28CF008254E9 /* TableViewCell.xib */; };
		F9189EF228CE641C008254E9 /* data.swift in Sources */ = {isa = PBXBuildFile; fileRef = F9189EF128CE641C008254E9 /* data.swift */; };
/* End PBXBuildFile section */

/* Begin PBXFileReference section */
		F9189ED528CB26F7008254E9 /* expandable.app */ = {isa = PBXFileReference; explicitFileType = wrapper.application; includeInIndex = 0; path = expandable.app; sourceTree = BUILT_PRODUCTS_DIR; };
		F9189ED828CB26F7008254E9 /* AppDelegate.swift */ = {isa = PBXFileReference; lastKnownFileType = sourcecode.swift; path = AppDelegate.swift; sourceTree = "<group>"; };
		F9189EDA28CB26F7008254E9 /* SceneDelegate.swift */ = {isa = PBXFileReference; lastKnownFileType = sourcecode.swift; path = SceneDelegate.swift; sourceTree = "<group>"; };
		F9189EDC28CB26F7008254E9 /* ViewController.swift */ = {isa = PBXFileReference; lastKnownFileType = sourcecode.swift; path = ViewController.swift; sourceTree = "<group>"; };
		F9189EDF28CB26F7008254E9 /* Base */ = {isa = PBXFileReference; lastKnownFileType = file.storyboard; name = Base; path = Base.lproj/Main.storyboard; sourceTree = "<group>"; };
		F9189EE128CB26FB008254E9 /* Assets.xcassets */ = {isa = PBXFileReference; lastKnownFileType = folder.assetcatalog; path = Assets.xcassets; sourceTree = "<group>"; };
		F9189EE428CB26FB008254E9 /* Base */ = {isa = PBXFileReference; lastKnownFileType = file.storyboard; name = Base; path = Base.lproj/LaunchScreen.storyboard; sourceTree = "<group>"; };
		F9189EE628CB26FB008254E9 /* Info.plist */ = {isa = PBXFileReference; lastKnownFileType = text.plist.xml; path = Info.plist; sourceTree = "<group>"; };
		F9189EED28CB28CF008254E9 /* TableViewCell.swift */ = {isa = PBXFileReference; lastKnownFileType = sourcecode.swift; path = TableViewCell.swift; sourceTree = "<group>"; };
		F9189EEE28CB28CF008254E9 /* TableViewCell.xib */ = {isa = PBXFileReference; lastKnownFileType = file.xib; path = TableViewCell.xib; sourceTree = "<group>"; };
		F9189EF128CE641C008254E9 /* data.swift */ = {isa = PBXFileReference; lastKnownFileType = sourcecode.swift; path = data.swift; sourceTree = "<group>"; };
/* End PBXFileReference section */

/* Begin PBXFrameworksBuildPhase section */
		F9189ED228CB26F7008254E9 /* Frameworks */ = {
			isa = PBXFrameworksBuildPhase;
			buildActionMask = 2147483647;
			files = (
			);
			runOnlyForDeploymentPostprocessing = 0;
		};
/* End PBXFrameworksBuildPhase section */

/* Begin PBXGroup section */
		F9189ECC28CB26F7008254E9 = {
			isa = PBXGroup;
			children = (
				F9189ED728CB26F7008254E9 /* expandable */,
				F9189ED628CB26F7008254E9 /* Products */,
			);
			sourceTree = "<group>";
		};
		F9189ED628CB26F7008254E9 /* Products */ = {
			isa = PBXGroup;
			children = (
				F9189ED528CB26F7008254E9 /* expandable.app */,
			);
			name = Products;
			sourceTree = "<group>";
		};
		F9189ED728CB26F7008254E9 /* expandable */ = {
			isa = PBXGroup;
			children = (
				F9189EEC28CB286B008254E9 /* cell */,
				F9189ED828CB26F7008254E9 /* AppDelegate.swift */,
				F9189EDA28CB26F7008254E9 /* SceneDelegate.swift */,
				F9189EDC28CB26F7008254E9 /* ViewController.swift */,
				F9189EF128CE641C008254E9 /* data.swift */,
				F9189EDE28CB26F7008254E9 /* Main.storyboard */,
				F9189EE128CB26FB008254E9 /* Assets.xcassets */,
				F9189EE328CB26FB008254E9 /* LaunchScreen.storyboard */,
				F9189EE628CB26FB008254E9 /* Info.plist */,
			);
			path = expandable;
			sourceTree = "<group>";
		};
		F9189EEC28CB286B008254E9 /* cell */ = {
			isa = PBXGroup;
			children = (
				F9189EED28CB28CF008254E9 /* TableViewCell.swift */,
				F9189EEE28CB28CF008254E9 /* TableViewCell.xib */,
			);
			path = cell;
			sourceTree = "<group>";
		};
/* End PBXGroup section */

/* Begin PBXNativeTarget section */
		F9189ED428CB26F7008254E9 /* expandable */ = {
			isa = PBXNativeTarget;
			buildConfigurationList = F9189EE928CB26FB008254E9 /* Build configuration list for PBXNativeTarget "expandable" */;
			buildPhases = (
				F9189ED128CB26F7008254E9 /* Sources */,
				F9189ED228CB26F7008254E9 /* Frameworks */,
				F9189ED328CB26F7008254E9 /* Resources */,
			);
			buildRules = (
			);
			dependencies = (
			);
			name = expandable;
			productName = expandable;
			productReference = F9189ED528CB26F7008254E9 /* expandable.app */;
			productType = "com.apple.product-type.application";
		};
/* End PBXNativeTarget section */

/* Begin PBXProject section */
		F9189ECD28CB26F7008254E9 /* Project object */ = {
			isa = PBXProject;
			attributes = {
				BuildIndependentTargetsInParallel = 1;
				LastSwiftUpdateCheck = 1330;
				LastUpgradeCheck = 1330;
				TargetAttributes = {
					F9189ED428CB26F7008254E9 = {
						CreatedOnToolsVersion = 13.3.1;
					};
				};
			};
			buildConfigurationList = F9189ED028CB26F7008254E9 /* Build configuration list for PBXProject "expandable" */;
			compatibilityVersion = "Xcode 13.0";
			developmentRegion = en;
			hasScannedForEncodings = 0;
			knownRegions = (
				en,
				Base,
			);
			mainGroup = F9189ECC28CB26F7008254E9;
			productRefGroup = F9189ED628CB26F7008254E9 /* Products */;
			projectDirPath = "";
			projectRoot = "";
			targets = (
				F9189ED428CB26F7008254E9 /* expandable */,
			);
		};
/* End PBXProject section */

/* Begin PBXResourcesBuildPhase section */
		F9189ED328CB26F7008254E9 /* Resources */ = {
			isa = PBXResourcesBuildPhase;
			buildActionMask = 2147483647;
			files = (
				F9189EE528CB26FB008254E9 /* LaunchScreen.storyboard in Resources */,
				F9189EF028CB28CF008254E9 /* TableViewCell.xib in Resources */,
				F9189EE228CB26FB008254E9 /* Assets.xcassets in Resources */,
				F9189EE028CB26F7008254E9 /* Main.storyboard in Resources */,
			);
			runOnlyForDeploymentPostprocessing = 0;
		};
/* End PBXResourcesBuildPhase section */

/* Begin PBXSourcesBuildPhase section */
		F9189ED128CB26F7008254E9 /* Sources */ = {
			isa = PBXSourcesBuildPhase;
			buildActionMask = 2147483647;
			files = (
				F9189EDD28CB26F7008254E9 /* ViewController.swift in Sources */,
				F9189EEF28CB28CF008254E9 /* TableViewCell.swift in Sources */,
				F9189ED928CB26F7008254E9 /* AppDelegate.swift in Sources */,
				F9189EF228CE641C008254E9 /* data.swift in Sources */,
				F9189EDB28CB26F7008254E9 /* SceneDelegate.swift in Sources */,
			);
			runOnlyForDeploymentPostprocessing = 0;
		};
/* End PBXSourcesBuildPhase section */

/* Begin PBXVariantGroup section */
		F9189EDE28CB26F7008254E9 /* Main.storyboard */ = {
			isa = PBXVariantGroup;
			children = (
				F9189EDF28CB26F7008254E9 /* Base */,
			);
			name = Main.storyboard;
			sourceTree = "<group>";
		};
		F9189EE328CB26FB008254E9 /* LaunchScreen.storyboard */ = {
			isa = PBXVariantGroup;
			children = (
				F9189EE428CB26FB008254E9 /* Base */,
			);
			name = LaunchScreen.storyboard;
			sourceTree = "<group>";
		};
/* End PBXVariantGroup section */

/* Begin XCBuildConfiguration section */
		F9189EE728CB26FB008254E9 /* Debug */ = {
			isa = XCBuildConfiguration;
			buildSettings = {
				ALWAYS_SEARCH_USER_PATHS = NO;
				CLANG_ANALYZER_NONNULL = YES;
				CLANG_ANALYZER_NUMBER_OBJECT_CONVERSION = YES_AGGRESSIVE;
				CLANG_CXX_LANGUAGE_STANDARD = "gnu++17";
				CLANG_ENABLE_MODULES = YES;
				CLANG_ENABLE_OBJC_ARC = YES;
				CLANG_ENABLE_OBJC_WEAK = YES;
				CLANG_WARN_BLOCK_CAPTURE_AUTORELEASING = YES;
				CLANG_WARN_BOOL_CONVERSION = YES;
				CLANG_WARN_COMMA = YES;
				CLANG_WARN_CONSTANT_CONVERSION = YES;
				CLANG_WARN_DEPRECATED_OBJC_IMPLEMENTATIONS = YES;
				CLANG_WARN_DIRECT_OBJC_ISA_USAGE = YES_ERROR;
				CLANG_WARN_DOCUMENTATION_COMMENTS = YES;
				CLANG_WARN_EMPTY_BODY = YES;
				CLANG_WARN_ENUM_CONVERSION = YES;
				CLANG_WARN_INFINITE_RECURSION = YES;
				CLANG_WARN_INT_CONVERSION = YES;
				CLANG_WARN_NON_LITERAL_NULL_CONVERSION = YES;
				CLANG_WARN_OBJC_IMPLICIT_RETAIN_SELF = YES;
				CLANG_WARN_OBJC_LITERAL_CONVERSION = YES;
				CLANG_WARN_OBJC_ROOT_CLASS = YES_ERROR;
				CLANG_WARN_QUOTED_INCLUDE_IN_FRAMEWORK_HEADER = YES;
				CLANG_WARN_RANGE_LOOP_ANALYSIS = YES;
				CLANG_WARN_STRICT_PROTOTYPES = YES;
				CLANG_WARN_SUSPICIOUS_MOVE = YES;
				CLANG_WARN_UNGUARDED_AVAILABILITY = YES_AGGRESSIVE;
				CLANG_WARN_UNREACHABLE_CODE = YES;
				CLANG_WARN__DUPLICATE_METHOD_MATCH = YES;
				COPY_PHASE_STRIP = NO;
				DEBUG_INFORMATION_FORMAT = dwarf;
				ENABLE_STRICT_OBJC_MSGSEND = YES;
				ENABLE_TESTABILITY = YES;
				GCC_C_LANGUAGE_STANDARD = gnu11;
				GCC_DYNAMIC_NO_PIC = NO;
				GCC_NO_COMMON_BLOCKS = YES;
				GCC_OPTIMIZATION_LEVEL = 0;
				GCC_PREPROCESSOR_DEFINITIONS = (
					"DEBUG=1",
					"$(inherited)",
				);
				GCC_WARN_64_TO_32_BIT_CONVERSION = YES;
				GCC_WARN_ABOUT_RETURN_TYPE = YES_ERROR;
				GCC_WARN_UNDECLARED_SELECTOR = YES;
				GCC_WARN_UNINITIALIZED_AUTOS = YES_AGGRESSIVE;
				GCC_WARN_UNUSED_FUNCTION = YES;
				GCC_WARN_UNUSED_VARIABLE = YES;
				IPHONEOS_DEPLOYMENT_TARGET = 15.4;
				MTL_ENABLE_DEBUG_INFO = INCLUDE_SOURCE;
				MTL_FAST_MATH = YES;
				ONLY_ACTIVE_ARCH = YES;
				SDKROOT = iphoneos;
				SWIFT_ACTIVE_COMPILATION_CONDITIONS = DEBUG;
				SWIFT_OPTIMIZATION_LEVEL = "-Onone";
			};
			name = Debug;
		};
		F9189EE828CB26FB008254E9 /* Release */ = {
			isa = XCBuildConfiguration;
			buildSettings = {
				ALWAYS_SEARCH_USER_PATHS = NO;
				CLANG_ANALYZER_NONNULL = YES;
				CLANG_ANALYZER_NUMBER_OBJECT_CONVERSION = YES_AGGRESSIVE;
				CLANG_CXX_LANGUAGE_STANDARD = "gnu++17";
				CLANG_ENABLE_MODULES = YES;
				CLANG_ENABLE_OBJC_ARC = YES;
				CLANG_ENABLE_OBJC_WEAK = YES;
				CLANG_WARN_BLOCK_CAPTURE_AUTORELEASING = YES;
				CLANG_WARN_BOOL_CONVERSION = YES;
				CLANG_WARN_COMMA = YES;
				CLANG_WARN_CONSTANT_CONVERSION = YES;
				CLANG_WARN_DEPRECATED_OBJC_IMPLEMENTATIONS = YES;
				CLANG_WARN_DIRECT_OBJC_ISA_USAGE = YES_ERROR;
				CLANG_WARN_DOCUMENTATION_COMMENTS = YES;
				CLANG_WARN_EMPTY_BODY = YES;
				CLANG_WARN_ENUM_CONVERSION = YES;
				CLANG_WARN_INFINITE_RECURSION = YES;
				CLANG_WARN_INT_CONVERSION = YES;
				CLANG_WARN_NON_LITERAL_NULL_CONVERSION = YES;
				CLANG_WARN_OBJC_IMPLICIT_RETAIN_SELF = YES;
				CLANG_WARN_OBJC_LITERAL_CONVERSION = YES;
				CLANG_WARN_OBJC_ROOT_CLASS = YES_ERROR;
				CLANG_WARN_QUOTED_INCLUDE_IN_FRAMEWORK_HEADER = YES;
				CLANG_WARN_RANGE_LOOP_ANALYSIS = YES;
				CLANG_WARN_STRICT_PROTOTYPES = YES;
				CLANG_WARN_SUSPICIOUS_MOVE = YES;
				CLANG_WARN_UNGUARDED_AVAILABILITY = YES_AGGRESSIVE;
				CLANG_WARN_UNREACHABLE_CODE = YES;
				CLANG_WARN__DUPLICATE_METHOD_MATCH = YES;
				COPY_PHASE_STRIP = NO;
				DEBUG_INFORMATION_FORMAT = "dwarf-with-dsym";
				ENABLE_NS_ASSERTIONS = NO;
				ENABLE_STRICT_OBJC_MSGSEND = YES;
				GCC_C_LANGUAGE_STANDARD = gnu11;
				GCC_NO_COMMON_BLOCKS = YES;
				GCC_WARN_64_TO_32_BIT_CONVERSION = YES;
				GCC_WARN_ABOUT_RETURN_TYPE = YES_ERROR;
				GCC_WARN_UNDECLARED_SELECTOR = YES;
				GCC_WARN_UNINITIALIZED_AUTOS = YES_AGGRESSIVE;
				GCC_WARN_UNUSED_FUNCTION = YES;
				GCC_WARN_UNUSED_VARIABLE = YES;
				IPHONEOS_DEPLOYMENT_TARGET = 15.4;
				MTL_ENABLE_DEBUG_INFO = NO;
				MTL_FAST_MATH = YES;
				SDKROOT = iphoneos;
				SWIFT_COMPILATION_MODE = wholemodule;
				SWIFT_OPTIMIZATION_LEVEL = "-O";
				VALIDATE_PRODUCT = YES;
			};
			name = Release;
		};
		F9189EEA28CB26FB008254E9 /* Debug */ = {
			isa = XCBuildConfiguration;
			buildSettings = {
				ASSETCATALOG_COMPILER_APPICON_NAME = AppIcon;
				ASSETCATALOG_COMPILER_GLOBAL_ACCENT_COLOR_NAME = AccentColor;
				CODE_SIGN_STYLE = Automatic;
				CURRENT_PROJECT_VERSION = 1;
				GENERATE_INFOPLIST_FILE = YES;
				INFOPLIST_FILE = expandable/Info.plist;
				INFOPLIST_KEY_UIApplicationSupportsIndirectInputEvents = YES;
				INFOPLIST_KEY_UILaunchStoryboardName = LaunchScreen;
				INFOPLIST_KEY_UIMainStoryboardFile = Main;
				INFOPLIST_KEY_UISupportedInterfaceOrientations_iPad = "UIInterfaceOrientationPortrait UIInterfaceOrientationPortraitUpsideDown UIInterfaceOrientationLandscapeLeft UIInterfaceOrientationLandscapeRight";
				INFOPLIST_KEY_UISupportedInterfaceOrientations_iPhone = "UIInterfaceOrientationPortrait UIInterfaceOrientationLandscapeLeft UIInterfaceOrientationLandscapeRight";
				LD_RUNPATH_SEARCH_PATHS = (
					"$(inherited)",
					"@executable_path/Frameworks",
				);
				MARKETING_VERSION = 1.0;
				PRODUCT_BUNDLE_IDENTIFIER = V.expandable;
				PRODUCT_NAME = "$(TARGET_NAME)";
				SWIFT_EMIT_LOC_STRINGS = YES;
				SWIFT_VERSION = 5.0;
				TARGETED_DEVICE_FAMILY = "1,2";
			};
			name = Debug;
		};
		F9189EEB28CB26FB008254E9 /* Release */ = {
			isa = XCBuildConfiguration;
			buildSettings = {
				ASSETCATALOG_COMPILER_APPICON_NAME = AppIcon;
				ASSETCATALOG_COMPILER_GLOBAL_ACCENT_COLOR_NAME = AccentColor;
				CODE_SIGN_STYLE = Automatic;
				CURRENT_PROJECT_VERSION = 1;
				GENERATE_INFOPLIST_FILE = YES;
				INFOPLIST_FILE = expandable/Info.plist;
				INFOPLIST_KEY_UIApplicationSupportsIndirectInputEvents = YES;
				INFOPLIST_KEY_UILaunchStoryboardName = LaunchScreen;
				INFOPLIST_KEY_UIMainStoryboardFile = Main;
				INFOPLIST_KEY_UISupportedInterfaceOrientations_iPad = "UIInterfaceOrientationPortrait UIInterfaceOrientationPortraitUpsideDown UIInterfaceOrientationLandscapeLeft UIInterfaceOrientationLandscapeRight";
				INFOPLIST_KEY_UISupportedInterfaceOrientations_iPhone = "UIInterfaceOrientationPortrait UIInterfaceOrientationLandscapeLeft UIInterfaceOrientationLandscapeRight";
				LD_RUNPATH_SEARCH_PATHS = (
					"$(inherited)",
					"@executable_path/Frameworks",
				);
				MARKETING_VERSION = 1.0;
				PRODUCT_BUNDLE_IDENTIFIER = V.expandable;
				PRODUCT_NAME = "$(TARGET_NAME)";
				SWIFT_EMIT_LOC_STRINGS = YES;
				SWIFT_VERSION = 5.0;
				TARGETED_DEVICE_FAMILY = "1,2";
			};
			name = Release;
		};
/* End XCBuildConfiguration section */

/* Begin XCConfigurationList section */
		F9189ED028CB26F7008254E9 /* Build configuration list for PBXProject "expandable" */ = {
			isa = XCConfigurationList;
			buildConfigurations = (
				F9189EE728CB26FB008254E9 /* Debug */,
				F9189EE828CB26FB008254E9 /* Release */,
			);
			defaultConfigurationIsVisible = 0;
			defaultConfigurationName = Release;
		};
		F9189EE928CB26FB008254E9 /* Build configuration list for PBXNativeTarget "expandable" */ = {
			isa = XCConfigurationList;
			buildConfigurations = (
				F9189EEA28CB26FB008254E9 /* Debug */,
				F9189EEB28CB26FB008254E9 /* Release */,
			);
			defaultConfigurationIsVisible = 0;
			defaultConfigurationName = Release;
		};
/* End XCConfigurationList section */
	};
	rootObject = F9189ECD28CB26F7008254E9 /* Project object */;
}
